
Microsoft Visual Studio Solution File, Format Version 12.00
# Visual Studio Version 17
VisualStudioVersion = 17.14.36414.22 d17.14
MinimumVisualStudioVersion = 10.0.40219.1
Project("{FAE04EC0-301F-11D3-BF4B-00C04F79EFBC}") = "AttributeLogger", "AttributeLogger\AttributeLogger.csproj", "{3CEC2376-7E2B-4506-8299-268D5E4F4022}"
EndProject
Global
	GlobalSection(SolutionConfigurationPlatforms) = preSolution
		Debug|Any CPU = Debug|Any CPU
		Release|Any CPU = Release|Any CPU
	EndGlobalSection
	GlobalSection(ProjectConfigurationPlatforms) = postSolution
		{3CEC2376-7E2B-4506-8299-268D5E4F4022}.Debug|Any CPU.ActiveCfg = Debug|Any CPU
		{3CEC2376-7E2B-4506-8299-268D5E4F4022}.Debug|Any CPU.Build.0 = Debug|Any CPU
		{3CEC2376-7E2B-4506-8299-268D5E4F4022}.Release|Any CPU.ActiveCfg = Release|Any CPU
		{3CEC2376-7E2B-4506-8299-268D5E4F4022}.Release|Any CPU.Build.0 = Release|Any CPU
	EndGlobalSection
	GlobalSection(SolutionProperties) = preSolution
		HideSolutionNode = FALSE
	EndGlobalSection
	GlobalSection(ExtensibilityGlobals) = postSolution
		SolutionGuid = {3DD233FB-49E6-4FA9-AC0E-B7E643707DEB}
	EndGlobalSection
EndGlobal
